
Microsoft Visual Studio Solution File, Format Version 12.00
# Visual Studio Version 17
VisualStudioVersion = 17.10.35013.160
MinimumVisualStudioVersion = 10.0.40219.1
Project("{FAE04EC0-301F-11D3-BF4B-00C04F79EFBC}") = "OpPOS", "OpPOS\OpPOS.csproj", "{6BA16155-804F-4422-B90D-81C64F13109B}"
EndProject
Global
	GlobalSection(SolutionConfigurationPlatforms) = preSolution
		Debug|Any CPU = Debug|Any CPU
		Release|Any CPU = Release|Any CPU
	EndGlobalSection
	GlobalSection(ProjectConfigurationPlatforms) = postSolution
		{6BA16155-804F-4422-B90D-81C64F13109B}.Debug|Any CPU.ActiveCfg = Debug|Any CPU
		{6BA16155-804F-4422-B90D-81C64F13109B}.Debug|Any CPU.Build.0 = Debug|Any CPU
		{6BA16155-804F-4422-B90D-81C64F13109B}.Release|Any CPU.ActiveCfg = Release|Any CPU
		{6BA16155-804F-4422-B90D-81C64F13109B}.Release|Any CPU.Build.0 = Release|Any CPU
	EndGlobalSection
	GlobalSection(SolutionProperties) = preSolution
		HideSolutionNode = FALSE
	EndGlobalSection
	GlobalSection(ExtensibilityGlobals) = postSolution
		SolutionGuid = {10CA9E20-C3FA-4279-8985-DA3BB8C93035}
	EndGlobalSection
EndGlobal
